
Microsoft Visual Studio Solution File, Format Version 12.00
# Visual Studio Version 16
VisualStudioVersion = 16.0.32510.428
MinimumVisualStudioVersion = 10.0.40219.1
Project("{9A19103F-16F7-4668-BE54-9A1E7A4F7556}") = "Aplicativo Web Financeiro", "Aplicativo Web Financeiro\Aplicativo Web Financeiro.csproj", "{F44CE05B-C595-47D5-A615-01F309FB9935}"
EndProject
Project("{9A19103F-16F7-4668-BE54-9A1E7A4F7556}") = "Services", "Services\Services.csproj", "{C62BA5F0-B631-4F3F-BABA-1D59BFC34845}"
EndProject
Project("{9A19103F-16F7-4668-BE54-9A1E7A4F7556}") = "Infra", "Infra\Infra.csproj", "{92C044B8-EF07-491F-AFE9-627E4469DFEC}"
EndProject
Project("{9A19103F-16F7-4668-BE54-9A1E7A4F7556}") = "Domain", "Domain\Domain.csproj", "{6822F286-71E4-42D2-A152-6DBD8CB50FC5}"
EndProject
Global
	GlobalSection(SolutionConfigurationPlatforms) = preSolution
		Debug|Any CPU = Debug|Any CPU
		Release|Any CPU = Release|Any CPU
	EndGlobalSection
	GlobalSection(ProjectConfigurationPlatforms) = postSolution
		{F44CE05B-C595-47D5-A615-01F309FB9935}.Debug|Any CPU.ActiveCfg = Debug|Any CPU
		{F44CE05B-C595-47D5-A615-01F309FB9935}.Debug|Any CPU.Build.0 = Debug|Any CPU
		{F44CE05B-C595-47D5-A615-01F309FB9935}.Release|Any CPU.ActiveCfg = Release|Any CPU
		{F44CE05B-C595-47D5-A615-01F309FB9935}.Release|Any CPU.Build.0 = Release|Any CPU
		{C62BA5F0-B631-4F3F-BABA-1D59BFC34845}.Debug|Any CPU.ActiveCfg = Debug|Any CPU
		{C62BA5F0-B631-4F3F-BABA-1D59BFC34845}.Debug|Any CPU.Build.0 = Debug|Any CPU
		{C62BA5F0-B631-4F3F-BABA-1D59BFC34845}.Release|Any CPU.ActiveCfg = Release|Any CPU
		{C62BA5F0-B631-4F3F-BABA-1D59BFC34845}.Release|Any CPU.Build.0 = Release|Any CPU
		{92C044B8-EF07-491F-AFE9-627E4469DFEC}.Debug|Any CPU.ActiveCfg = Debug|Any CPU
		{92C044B8-EF07-491F-AFE9-627E4469DFEC}.Debug|Any CPU.Build.0 = Debug|Any CPU
		{92C044B8-EF07-491F-AFE9-627E4469DFEC}.Release|Any CPU.ActiveCfg = Release|Any CPU
		{92C044B8-EF07-491F-AFE9-627E4469DFEC}.Release|Any CPU.Build.0 = Release|Any CPU
		{6822F286-71E4-42D2-A152-6DBD8CB50FC5}.Debug|Any CPU.ActiveCfg = Debug|Any CPU
		{6822F286-71E4-42D2-A152-6DBD8CB50FC5}.Debug|Any CPU.Build.0 = Debug|Any CPU
		{6822F286-71E4-42D2-A152-6DBD8CB50FC5}.Release|Any CPU.ActiveCfg = Release|Any CPU
		{6822F286-71E4-42D2-A152-6DBD8CB50FC5}.Release|Any CPU.Build.0 = Release|Any CPU
	EndGlobalSection
	GlobalSection(SolutionProperties) = preSolution
		HideSolutionNode = FALSE
	EndGlobalSection
	GlobalSection(ExtensibilityGlobals) = postSolution
		SolutionGuid = {C7498DDE-AE2B-42EE-9093-C5FEE1274769}
	EndGlobalSection
EndGlobal
